
Microsoft Visual Studio Solution File, Format Version 12.00
# Visual Studio Version 17
VisualStudioVersion = 17.8.34511.84
MinimumVisualStudioVersion = 10.0.40219.1
Project("{FAE04EC0-301F-11D3-BF4B-00C04F79EFBC}") = "ECommerceWebApp.Api", "ECommerceWebApp.Api\ECommerceWebApp.Api.csproj", "{411585F9-0AD0-4D77-83A4-E1D12E4FE959}"
EndProject
Project("{FAE04EC0-301F-11D3-BF4B-00C04F79EFBC}") = "ECommerceWebApp.Entities", "ECommerceWebApp.Entities\ECommerceWebApp.Entities.csproj", "{D283B075-83CB-487A-A99E-B9899490037F}"
EndProject
Project("{FAE04EC0-301F-11D3-BF4B-00C04F79EFBC}") = "ECommerceWebApp.DataAccess", "ECommerceWebApp.DataAccess\ECommerceWebApp.DataAccess.csproj", "{F95CBAE5-A027-4825-8ED9-CB18383355C8}"
EndProject
Project("{FAE04EC0-301F-11D3-BF4B-00C04F79EFBC}") = "ECommerceWebApp.Business", "ECommerceWebApp.Business\ECommerceWebApp.Business.csproj", "{3C5EB7CB-3815-43EB-B84E-AA18B5BE0181}"
EndProject
Project("{FAE04EC0-301F-11D3-BF4B-00C04F79EFBC}") = "ECommerceWebApp.Shared", "ECommerceWebApp.Shared\ECommerceWebApp.Shared.csproj", "{C337302C-812C-42FA-9F32-4F4EA71670D2}"
EndProject
Global
	GlobalSection(SolutionConfigurationPlatforms) = preSolution
		Debug|Any CPU = Debug|Any CPU
		Release|Any CPU = Release|Any CPU
	EndGlobalSection
	GlobalSection(ProjectConfigurationPlatforms) = postSolution
		{411585F9-0AD0-4D77-83A4-E1D12E4FE959}.Debug|Any CPU.ActiveCfg = Debug|Any CPU
		{411585F9-0AD0-4D77-83A4-E1D12E4FE959}.Debug|Any CPU.Build.0 = Debug|Any CPU
		{411585F9-0AD0-4D77-83A4-E1D12E4FE959}.Release|Any CPU.ActiveCfg = Release|Any CPU
		{411585F9-0AD0-4D77-83A4-E1D12E4FE959}.Release|Any CPU.Build.0 = Release|Any CPU
		{D283B075-83CB-487A-A99E-B9899490037F}.Debug|Any CPU.ActiveCfg = Debug|Any CPU
		{D283B075-83CB-487A-A99E-B9899490037F}.Debug|Any CPU.Build.0 = Debug|Any CPU
		{D283B075-83CB-487A-A99E-B9899490037F}.Release|Any CPU.ActiveCfg = Release|Any CPU
		{D283B075-83CB-487A-A99E-B9899490037F}.Release|Any CPU.Build.0 = Release|Any CPU
		{F95CBAE5-A027-4825-8ED9-CB18383355C8}.Debug|Any CPU.ActiveCfg = Debug|Any CPU
		{F95CBAE5-A027-4825-8ED9-CB18383355C8}.Debug|Any CPU.Build.0 = Debug|Any CPU
		{F95CBAE5-A027-4825-8ED9-CB18383355C8}.Release|Any CPU.ActiveCfg = Release|Any CPU
		{F95CBAE5-A027-4825-8ED9-CB18383355C8}.Release|Any CPU.Build.0 = Release|Any CPU
		{3C5EB7CB-3815-43EB-B84E-AA18B5BE0181}.Debug|Any CPU.ActiveCfg = Debug|Any CPU
		{3C5EB7CB-3815-43EB-B84E-AA18B5BE0181}.Debug|Any CPU.Build.0 = Debug|Any CPU
		{3C5EB7CB-3815-43EB-B84E-AA18B5BE0181}.Release|Any CPU.ActiveCfg = Release|Any CPU
		{3C5EB7CB-3815-43EB-B84E-AA18B5BE0181}.Release|Any CPU.Build.0 = Release|Any CPU
		{C337302C-812C-42FA-9F32-4F4EA71670D2}.Debug|Any CPU.ActiveCfg = Debug|Any CPU
		{C337302C-812C-42FA-9F32-4F4EA71670D2}.Debug|Any CPU.Build.0 = Debug|Any CPU
		{C337302C-812C-42FA-9F32-4F4EA71670D2}.Release|Any CPU.ActiveCfg = Release|Any CPU
		{C337302C-812C-42FA-9F32-4F4EA71670D2}.Release|Any CPU.Build.0 = Release|Any CPU
	EndGlobalSection
	GlobalSection(SolutionProperties) = preSolution
		HideSolutionNode = FALSE
	EndGlobalSection
	GlobalSection(ExtensibilityGlobals) = postSolution
		SolutionGuid = {6AEA8478-9272-4260-96C9-5C29DD15F4E9}
	EndGlobalSection
EndGlobal
